
Microsoft Visual Studio Solution File, Format Version 12.00
# Visual Studio Version 17
VisualStudioVersion = 17.5.002.0
MinimumVisualStudioVersion = 10.0.40219.1
Project("{9A19103F-16F7-4668-BE54-9A1E7A4F7556}") = "csharp", "csharp.csproj", "{D47BC350-3432-482B-ADAD-EB1B0AB0007A}"
EndProject
Global
	GlobalSection(SolutionConfigurationPlatforms) = preSolution
		Debug|Any CPU = Debug|Any CPU
		Release|Any CPU = Release|Any CPU
	EndGlobalSection
	GlobalSection(ProjectConfigurationPlatforms) = postSolution
		{D47BC350-3432-482B-ADAD-EB1B0AB0007A}.Debug|Any CPU.ActiveCfg = Debug|Any CPU
		{D47BC350-3432-482B-ADAD-EB1B0AB0007A}.Debug|Any CPU.Build.0 = Debug|Any CPU
		{D47BC350-3432-482B-ADAD-EB1B0AB0007A}.Release|Any CPU.ActiveCfg = Release|Any CPU
		{D47BC350-3432-482B-ADAD-EB1B0AB0007A}.Release|Any CPU.Build.0 = Release|Any CPU
	EndGlobalSection
	GlobalSection(SolutionProperties) = preSolution
		HideSolutionNode = FALSE
	EndGlobalSection
	GlobalSection(ExtensibilityGlobals) = postSolution
		SolutionGuid = {A32401A5-09DF-4AE0-85FC-1E41D5492311}
	EndGlobalSection
EndGlobal
